<?xml version="1.0" encoding="utf-8"?>
<Project ToolsVersion="4.0" xmlns="http://schemas.microsoft.com/developer/msbuild/2003">
  <ItemGroup>
    <Filter Include="Source Files">
      <UniqueIdentifier>{4FC737F1-C7A5-4376-A066-2A32D752A2FF}</UniqueIdentifier>
      <Extensions>cpp;c;cc;cxx;c++;cppm;ixx;def;odl;idl;hpj;bat;asm;asmx</Extensions>
    </Filter>
    <Filter Include="Header Files">
      <UniqueIdentifier>{93995380-89BD-4b04-88EB-625FBE52EBFB}</UniqueIdentifier>
      <Extensions>h;hh;hpp;hxx;h++;hm;inl;inc;ipp;xsd</Extensions>
    </Filter>
    <Filter Include="Resource Files">
      <UniqueIdentifier>{67DA6AB6-F800-4c08-8B7A-83BB121AAD01}</UniqueIdentifier>
      <Extensions>rc;ico;cur;bmp;dlg;rc2;rct;bin;rgs;gif;jpg;jpeg;jpe;resx;tiff;tif;png;wav;mfcribbon-ms</Extensions>
    </Filter>
    <Filter Include="Header Files\Private">
      <UniqueIdentifier>{cfde836f-71fa-4463-9b58-b2be0f850238}</UniqueIdentifier>
    </Filter>
  </ItemGroup>
  <ItemGroup>
    <ClInclude Include="include\rlTextDLL\Types.h">
      <Filter>Header Files</Filter>
    </ClInclude>
    <ClInclude Include="include\rlTextDLL\ExportSpecs.h">
      <Filter>Header Files</Filter>
    </ClInclude>
    <ClInclude Include="include\rlTextDLL\Encode.h">
      <Filter>Header Files</Filter>
    </ClInclude>
    <ClInclude Include="include\rlTextDLL\Unicode.h">
      <Filter>Header Files</Filter>
    </ClInclude>
    <ClInclude Include="src\include\CP1252.hpp">
      <Filter>Header Files\Private</Filter>
    </ClInclude>
    <ClInclude Include="include\rlTextDLL\Decode.h">
      <Filter>Header Files</Filter>
    </ClInclude>
    <ClInclude Include="include\rlTextDLL\FileIO.h">
      <Filter>Header Files</Filter>
    </ClInclude>
    <ClInclude Include="src\include\HostEndian.hpp">
      <Filter>Header Files\Private</Filter>
    </ClInclude>
    <ClInclude Include="include\rlTextDLL\Windows.hpp">
      <Filter>Header Files</Filter>
    </ClInclude>
    <ClInclude Include="src\include\PrivateTools.hpp">
      <Filter>Header Files\Private</Filter>
    </ClInclude>
    <ClInclude Include="src\include\TextFile.hpp">
      <Filter>Header Files\Private</Filter>
    </ClInclude>
  </ItemGroup>
  <ItemGroup>
    <ClCompile Include="src\Encode.cpp">
      <Filter>Source Files</Filter>
    </ClCompile>
    <ClCompile Include="src\Unicode.cpp">
      <Filter>Source Files</Filter>
    </ClCompile>
    <ClCompile Include="src\Decode.cpp">
      <Filter>Source Files</Filter>
    </ClCompile>
    <ClCompile Include="src\FileIO.cpp">
      <Filter>Source Files</Filter>
    </ClCompile>
    <ClCompile Include="src\Windows.cpp">
      <Filter>Source Files</Filter>
    </ClCompile>
    <ClCompile Include="src\TextFile.cpp">
      <Filter>Source Files</Filter>
    </ClCompile>
    <ClCompile Include="src\PrivateTools.cpp">
      <Filter>Source Files</Filter>
    </ClCompile>
  </ItemGroup>
  <ItemGroup>
    <ResourceCompile Include="src\resource.rc">
      <Filter>Resource Files</Filter>
    </ResourceCompile>
  </ItemGroup>
</Project>