
Microsoft Visual Studio Solution File, Format Version 12.00
# Visual Studio Version 17
VisualStudioVersion = 17.5.33627.172
MinimumVisualStudioVersion = 10.0.40219.1
Project("{8BC9CEB8-8B4A-11D0-8D11-00A0C91BC942}") = "rlText", "rlText.vcxproj", "{0E0DC5AE-EA83-44D3-ADD9-AE00D2C31268}"
EndProject
Project("{8BC9CEB8-8B4A-11D0-8D11-00A0C91BC942}") = "test", "test\test.vcxproj", "{7372B96B-0832-4DCF-BEDE-49E05B862835}"
EndProject
Project("{8BC9CEB8-8B4A-11D0-8D11-00A0C91BC942}") = "test-cpp", "test-cpp\test-cpp.vcxproj", "{678B4FB4-B70B-47C8-B4A5-29CDE1AEB440}"
EndProject
Global
	GlobalSection(SolutionConfigurationPlatforms) = preSolution
		Debug|x64 = Debug|x64
		Debug|x86 = Debug|x86
		Release|x64 = Release|x64
		Release|x86 = Release|x86
	EndGlobalSection
	GlobalSection(ProjectConfigurationPlatforms) = postSolution
		{0E0DC5AE-EA83-44D3-ADD9-AE00D2C31268}.Debug|x64.ActiveCfg = Debug|x64
		{0E0DC5AE-EA83-44D3-ADD9-AE00D2C31268}.Debug|x64.Build.0 = Debug|x64
		{0E0DC5AE-EA83-44D3-ADD9-AE00D2C31268}.Debug|x86.ActiveCfg = Debug|x64
		{0E0DC5AE-EA83-44D3-ADD9-AE00D2C31268}.Release|x64.ActiveCfg = Release|x64
		{0E0DC5AE-EA83-44D3-ADD9-AE00D2C31268}.Release|x64.Build.0 = Release|x64
		{0E0DC5AE-EA83-44D3-ADD9-AE00D2C31268}.Release|x86.ActiveCfg = Release|x64
		{7372B96B-0832-4DCF-BEDE-49E05B862835}.Debug|x64.ActiveCfg = Debug|x64
		{7372B96B-0832-4DCF-BEDE-49E05B862835}.Debug|x64.Build.0 = Debug|x64
		{7372B96B-0832-4DCF-BEDE-49E05B862835}.Debug|x86.ActiveCfg = Debug|x64
		{7372B96B-0832-4DCF-BEDE-49E05B862835}.Release|x64.ActiveCfg = Release|x64
		{7372B96B-0832-4DCF-BEDE-49E05B862835}.Release|x64.Build.0 = Release|x64
		{7372B96B-0832-4DCF-BEDE-49E05B862835}.Release|x86.ActiveCfg = Release|x64
		{678B4FB4-B70B-47C8-B4A5-29CDE1AEB440}.Debug|x64.ActiveCfg = Debug|x64
		{678B4FB4-B70B-47C8-B4A5-29CDE1AEB440}.Debug|x64.Build.0 = Debug|x64
		{678B4FB4-B70B-47C8-B4A5-29CDE1AEB440}.Debug|x86.ActiveCfg = Debug|x64
		{678B4FB4-B70B-47C8-B4A5-29CDE1AEB440}.Release|x64.ActiveCfg = Release|x64
		{678B4FB4-B70B-47C8-B4A5-29CDE1AEB440}.Release|x64.Build.0 = Release|x64
		{678B4FB4-B70B-47C8-B4A5-29CDE1AEB440}.Release|x86.ActiveCfg = Release|x64
	EndGlobalSection
	GlobalSection(SolutionProperties) = preSolution
		HideSolutionNode = FALSE
	EndGlobalSection
	GlobalSection(ExtensibilityGlobals) = postSolution
		SolutionGuid = {6ECED428-B4E7-4F9C-A61F-3677F3350937}
	EndGlobalSection
EndGlobal
